// !$*UTF8*$!
{
	archiveVersion = 1;
	classes = {
	};
	objectVersion = 46;
	objects = {

/* Begin PBXBuildFile section */
		420747691D83217D003B4E8E /* AssortedMethods.m in Sources */ = {isa = PBXBuildFile; fileRef = 420747681D83217D003B4E8E /* AssortedMethods.m */; };
		426028881D81DEBF006044BD /* main.m in Sources */ = {isa = PBXBuildFile; fileRef = 426028871D81DEBF006044BD /* main.m */; };
/* End PBXBuildFile section */

/* Begin PBXCopyFilesBuildPhase section */
		426028821D81DEBF006044BD /* CopyFiles */ = {
			isa = PBXCopyFilesBuildPhase;
			buildActionMask = 2147483647;
			dstPath = /usr/share/man/man1/;
			dstSubfolderSpec = 0;
			files = (
			);
			runOnlyForDeploymentPostprocessing = 1;
		};
/* End PBXCopyFilesBuildPhase section */

/* Begin PBXFileReference section */
		420747671D832009003B4E8E /* AssortedMethods.h */ = {isa = PBXFileReference; lastKnownFileType = sourcecode.c.h; path = AssortedMethods.h; sourceTree = "<group>"; };
		420747681D83217D003B4E8E /* AssortedMethods.m */ = {isa = PBXFileReference; fileEncoding = 4; lastKnownFileType = sourcecode.c.objc; path = AssortedMethods.m; sourceTree = "<group>"; };
		426028841D81DEBF006044BD /* 1.2 */ = {isa = PBXFileReference; explicitFileType = "compiled.mach-o.executable"; includeInIndex = 0; path = 1.2; sourceTree = BUILT_PRODUCTS_DIR; };
		426028871D81DEBF006044BD /* main.m */ = {isa = PBXFileReference; lastKnownFileType = sourcecode.c.objc; path = main.m; sourceTree = "<group>"; };
/* End PBXFileReference section */

/* Begin PBXFrameworksBuildPhase section */
		426028811D81DEBF006044BD /* Frameworks */ = {
			isa = PBXFrameworksBuildPhase;
			buildActionMask = 2147483647;
			files = (
			);
			runOnlyForDeploymentPostprocessing = 0;
		};
/* End PBXFrameworksBuildPhase section */

/* Begin PBXGroup section */
		420747661D831FF5003B4E8E /* Helpers */ = {
			isa = PBXGroup;
			children = (
				420747671D832009003B4E8E /* AssortedMethods.h */,
				420747681D83217D003B4E8E /* AssortedMethods.m */,
			);
			name = Helpers;
			sourceTree = "<group>";
		};
		4260287B1D81DEBF006044BD = {
			isa = PBXGroup;
			children = (
				426028861D81DEBF006044BD /* 1.2 */,
				426028851D81DEBF006044BD /* Products */,
			);
			sourceTree = "<group>";
		};
		426028851D81DEBF006044BD /* Products */ = {
			isa = PBXGroup;
			children = (
				426028841D81DEBF006044BD /* 1.2 */,
			);
			name = Products;
			sourceTree = "<group>";
		};
		426028861D81DEBF006044BD /* 1.2 */ = {
			isa = PBXGroup;
			children = (
				420747661D831FF5003B4E8E /* Helpers */,
				426028871D81DEBF006044BD /* main.m */,
			);
			path = 1.2;
			sourceTree = "<group>";
		};
/* End PBXGroup section */

/* Begin PBXNativeTarget section */
		426028831D81DEBF006044BD /* 1.2 */ = {
			isa = PBXNativeTarget;
			buildConfigurationList = 4260288B1D81DEBF006044BD /* Build configuration list for PBXNativeTarget "1.2" */;
			buildPhases = (
				426028801D81DEBF006044BD /* Sources */,
				426028811D81DEBF006044BD /* Frameworks */,
				426028821D81DEBF006044BD /* CopyFiles */,
			);
			buildRules = (
			);
			dependencies = (
			);
			name = 1.2;
			productName = 1.2;
			productReference = 426028841D81DEBF006044BD /* 1.2 */;
			productType = "com.apple.product-type.tool";
		};
/* End PBXNativeTarget section */

/* Begin PBXProject section */
		4260287C1D81DEBF006044BD /* Project object */ = {
			isa = PBXProject;
			attributes = {
				LastUpgradeCheck = 0730;
				ORGANIZATIONNAME = parry;
				TargetAttributes = {
					426028831D81DEBF006044BD = {
						CreatedOnToolsVersion = 7.3.1;
					};
				};
			};
			buildConfigurationList = 4260287F1D81DEBF006044BD /* Build configuration list for PBXProject "1.2" */;
			compatibilityVersion = "Xcode 3.2";
			developmentRegion = English;
			hasScannedForEncodings = 0;
			knownRegions = (
				en,
			);
			mainGroup = 4260287B1D81DEBF006044BD;
			productRefGroup = 426028851D81DEBF006044BD /* Products */;
			projectDirPath = "";
			projectRoot = "";
			targets = (
				426028831D81DEBF006044BD /* 1.2 */,
			);
		};
/* End PBXProject section */

/* Begin PBXSourcesBuildPhase section */
		426028801D81DEBF006044BD /* Sources */ = {
			isa = PBXSourcesBuildPhase;
			buildActionMask = 2147483647;
			files = (
				426028881D81DEBF006044BD /* main.m in Sources */,
				420747691D83217D003B4E8E /* AssortedMethods.m in Sources */,
			);
			runOnlyForDeploymentPostprocessing = 0;
		};
/* End PBXSourcesBuildPhase section */

/* Begin XCBuildConfiguration section */
		426028891D81DEBF006044BD /* Debug */ = {
			isa = XCBuildConfiguration;
			buildSettings = {
				ALWAYS_SEARCH_USER_PATHS = NO;
				CLANG_ANALYZER_NONNULL = YES;
				CLANG_CXX_LANGUAGE_STANDARD = "gnu++0x";
				CLANG_CXX_LIBRARY = "libc++";
				CLANG_ENABLE_MODULES = YES;
				CLANG_ENABLE_OBJC_ARC = YES;
				CLANG_WARN_BOOL_CONVERSION = YES;
				CLANG_WARN_CONSTANT_CONVERSION = YES;
				CLANG_WARN_DIRECT_OBJC_ISA_USAGE = YES_ERROR;
				CLANG_WARN_EMPTY_BODY = YES;
				CLANG_WARN_ENUM_CONVERSION = YES;
				CLANG_WARN_INT_CONVERSION = YES;
				CLANG_WARN_OBJC_ROOT_CLASS = YES_ERROR;
				CLANG_WARN_UNREACHABLE_CODE = YES;
				CLANG_WARN__DUPLICATE_METHOD_MATCH = YES;
				CODE_SIGN_IDENTITY = "-";
				COPY_PHASE_STRIP = NO;
				DEBUG_INFORMATION_FORMAT = dwarf;
				ENABLE_STRICT_OBJC_MSGSEND = YES;
				ENABLE_TESTABILITY = YES;
				GCC_C_LANGUAGE_STANDARD = gnu99;
				GCC_DYNAMIC_NO_PIC = NO;
				GCC_NO_COMMON_BLOCKS = YES;
				GCC_OPTIMIZATION_LEVEL = 0;
				GCC_PREPROCESSOR_DEFINITIONS = (
					"DEBUG=1",
					"$(inherited)",
				);
				GCC_WARN_64_TO_32_BIT_CONVERSION = YES;
				GCC_WARN_ABOUT_RETURN_TYPE = YES_ERROR;
				GCC_WARN_UNDECLARED_SELECTOR = YES;
				GCC_WARN_UNINITIALIZED_AUTOS = YES_AGGRESSIVE;
				GCC_WARN_UNUSED_FUNCTION = YES;
				GCC_WARN_UNUSED_VARIABLE = YES;
				MACOSX_DEPLOYMENT_TARGET = 10.11;
				MTL_ENABLE_DEBUG_INFO = YES;
				ONLY_ACTIVE_ARCH = YES;
				SDKROOT = macosx;
			};
			name = Debug;
		};
		4260288A1D81DEBF006044BD /* Release */ = {
			isa = XCBuildConfiguration;
			buildSettings = {
				ALWAYS_SEARCH_USER_PATHS = NO;
				CLANG_ANALYZER_NONNULL = YES;
				CLANG_CXX_LANGUAGE_STANDARD = "gnu++0x";
				CLANG_CXX_LIBRARY = "libc++";
				CLANG_ENABLE_MODULES = YES;
				CLANG_ENABLE_OBJC_ARC = YES;
				CLANG_WARN_BOOL_CONVERSION = YES;
				CLANG_WARN_CONSTANT_CONVERSION = YES;
				CLANG_WARN_DIRECT_OBJC_ISA_USAGE = YES_ERROR;
				CLANG_WARN_EMPTY_BODY = YES;
				CLANG_WARN_ENUM_CONVERSION = YES;
				CLANG_WARN_INT_CONVERSION = YES;
				CLANG_WARN_OBJC_ROOT_CLASS = YES_ERROR;
				CLANG_WARN_UNREACHABLE_CODE = YES;
				CLANG_WARN__DUPLICATE_METHOD_MATCH = YES;
				CODE_SIGN_IDENTITY = "-";
				COPY_PHASE_STRIP = NO;
				DEBUG_INFORMATION_FORMAT = "dwarf-with-dsym";
				ENABLE_NS_ASSERTIONS = NO;
				ENABLE_STRICT_OBJC_MSGSEND = YES;
				GCC_C_LANGUAGE_STANDARD = gnu99;
				GCC_NO_COMMON_BLOCKS = YES;
				GCC_WARN_64_TO_32_BIT_CONVERSION = YES;
				GCC_WARN_ABOUT_RETURN_TYPE = YES_ERROR;
				GCC_WARN_UNDECLARED_SELECTOR = YES;
				GCC_WARN_UNINITIALIZED_AUTOS = YES_AGGRESSIVE;
				GCC_WARN_UNUSED_FUNCTION = YES;
				GCC_WARN_UNUSED_VARIABLE = YES;
				MACOSX_DEPLOYMENT_TARGET = 10.11;
				MTL_ENABLE_DEBUG_INFO = NO;
				SDKROOT = macosx;
			};
			name = Release;
		};
		4260288C1D81DEBF006044BD /* Debug */ = {
			isa = XCBuildConfiguration;
			buildSettings = {
				PRODUCT_NAME = "$(TARGET_NAME)";
			};
			name = Debug;
		};
		4260288D1D81DEBF006044BD /* Release */ = {
			isa = XCBuildConfiguration;
			buildSettings = {
				PRODUCT_NAME = "$(TARGET_NAME)";
			};
			name = Release;
		};
/* End XCBuildConfiguration section */

/* Begin XCConfigurationList section */
		4260287F1D81DEBF006044BD /* Build configuration list for PBXProject "1.2" */ = {
			isa = XCConfigurationList;
			buildConfigurations = (
				426028891D81DEBF006044BD /* Debug */,
				4260288A1D81DEBF006044BD /* Release */,
			);
			defaultConfigurationIsVisible = 0;
			defaultConfigurationName = Release;
		};
		4260288B1D81DEBF006044BD /* Build configuration list for PBXNativeTarget "1.2" */ = {
			isa = XCConfigurationList;
			buildConfigurations = (
				4260288C1D81DEBF006044BD /* Debug */,
				4260288D1D81DEBF006044BD /* Release */,
			);
			defaultConfigurationIsVisible = 0;
			defaultConfigurationName = Release;
		};
/* End XCConfigurationList section */
	};
	rootObject = 4260287C1D81DEBF006044BD /* Project object */;
}
